
Microsoft Visual Studio Solution File, Format Version 12.00
# Visual Studio Version 17
VisualStudioVersion = 17.7.34024.191
MinimumVisualStudioVersion = 10.0.40219.1
Project("{FAE04EC0-301F-11D3-BF4B-00C04F79EFBC}") = "ObserverPattern", "ObserverPattern\ObserverPattern.csproj", "{385E5BA4-06CF-48C6-8724-AEFB43FB178B}"
EndProject
Global
	GlobalSection(SolutionConfigurationPlatforms) = preSolution
		Debug|Any CPU = Debug|Any CPU
		Release|Any CPU = Release|Any CPU
	EndGlobalSection
	GlobalSection(ProjectConfigurationPlatforms) = postSolution
		{385E5BA4-06CF-48C6-8724-AEFB43FB178B}.Debug|Any CPU.ActiveCfg = Debug|Any CPU
		{385E5BA4-06CF-48C6-8724-AEFB43FB178B}.Debug|Any CPU.Build.0 = Debug|Any CPU
		{385E5BA4-06CF-48C6-8724-AEFB43FB178B}.Release|Any CPU.ActiveCfg = Release|Any CPU
		{385E5BA4-06CF-48C6-8724-AEFB43FB178B}.Release|Any CPU.Build.0 = Release|Any CPU
	EndGlobalSection
	GlobalSection(SolutionProperties) = preSolution
		HideSolutionNode = FALSE
	EndGlobalSection
	GlobalSection(ExtensibilityGlobals) = postSolution
		SolutionGuid = {A9364091-BC81-44C7-8EE0-C2CFAFC2403C}
	EndGlobalSection
EndGlobal
